// !$*UTF8*$!
{
	archiveVersion = 1;
	classes = {
	};
	objectVersion = 50;
	objects = {

/* Begin PBXBuildFile section */
		1605268C22C0C48900E8D627 /* AppDelegate.swift in Sources */ = {isa = PBXBuildFile; fileRef = 1605268B22C0C48900E8D627 /* AppDelegate.swift */; };
		1605268E22C0C48900E8D627 /* WelcomeVC.swift in Sources */ = {isa = PBXBuildFile; fileRef = 1605268D22C0C48900E8D627 /* WelcomeVC.swift */; };
		1605269122C0C48900E8D627 /* Main.storyboard in Resources */ = {isa = PBXBuildFile; fileRef = 1605268F22C0C48900E8D627 /* Main.storyboard */; };
		1605269322C0C48A00E8D627 /* Assets.xcassets in Resources */ = {isa = PBXBuildFile; fileRef = 1605269222C0C48A00E8D627 /* Assets.xcassets */; };
		1605269622C0C48A00E8D627 /* LaunchScreen.storyboard in Resources */ = {isa = PBXBuildFile; fileRef = 1605269422C0C48A00E8D627 /* LaunchScreen.storyboard */; };
		1605269F22C0CF1F00E8D627 /* BorderButton.swift in Sources */ = {isa = PBXBuildFile; fileRef = 1605269E22C0CF1F00E8D627 /* BorderButton.swift */; };
		160526A322C12CB900E8D627 /* LeagueVC.swift in Sources */ = {isa = PBXBuildFile; fileRef = 160526A222C12CB900E8D627 /* LeagueVC.swift */; };
		160526A522C12CCA00E8D627 /* SkillVC.swift in Sources */ = {isa = PBXBuildFile; fileRef = 160526A422C12CCA00E8D627 /* SkillVC.swift */; };
/* End PBXBuildFile section */

/* Begin PBXFileReference section */
		1605268822C0C48900E8D627 /* swoosh-app.app */ = {isa = PBXFileReference; explicitFileType = wrapper.application; includeInIndex = 0; path = "swoosh-app.app"; sourceTree = BUILT_PRODUCTS_DIR; };
		1605268B22C0C48900E8D627 /* AppDelegate.swift */ = {isa = PBXFileReference; lastKnownFileType = sourcecode.swift; path = AppDelegate.swift; sourceTree = "<group>"; };
		1605268D22C0C48900E8D627 /* WelcomeVC.swift */ = {isa = PBXFileReference; lastKnownFileType = sourcecode.swift; path = WelcomeVC.swift; sourceTree = "<group>"; };
		1605269022C0C48900E8D627 /* Base */ = {isa = PBXFileReference; lastKnownFileType = file.storyboard; name = Base; path = Base.lproj/Main.storyboard; sourceTree = "<group>"; };
		1605269222C0C48A00E8D627 /* Assets.xcassets */ = {isa = PBXFileReference; lastKnownFileType = folder.assetcatalog; path = Assets.xcassets; sourceTree = "<group>"; };
		1605269522C0C48A00E8D627 /* Base */ = {isa = PBXFileReference; lastKnownFileType = file.storyboard; name = Base; path = Base.lproj/LaunchScreen.storyboard; sourceTree = "<group>"; };
		1605269722C0C48A00E8D627 /* Info.plist */ = {isa = PBXFileReference; lastKnownFileType = text.plist.xml; path = Info.plist; sourceTree = "<group>"; };
		1605269E22C0CF1F00E8D627 /* BorderButton.swift */ = {isa = PBXFileReference; lastKnownFileType = sourcecode.swift; path = BorderButton.swift; sourceTree = "<group>"; };
		160526A222C12CB900E8D627 /* LeagueVC.swift */ = {isa = PBXFileReference; lastKnownFileType = sourcecode.swift; path = LeagueVC.swift; sourceTree = "<group>"; };
		160526A422C12CCA00E8D627 /* SkillVC.swift */ = {isa = PBXFileReference; lastKnownFileType = sourcecode.swift; path = SkillVC.swift; sourceTree = "<group>"; };
/* End PBXFileReference section */

/* Begin PBXFrameworksBuildPhase section */
		1605268522C0C48900E8D627 /* Frameworks */ = {
			isa = PBXFrameworksBuildPhase;
			buildActionMask = 2147483647;
			files = (
			);
			runOnlyForDeploymentPostprocessing = 0;
		};
/* End PBXFrameworksBuildPhase section */

/* Begin PBXGroup section */
		1605267F22C0C48900E8D627 = {
			isa = PBXGroup;
			children = (
				1605268A22C0C48900E8D627 /* swoosh-app */,
				1605268922C0C48900E8D627 /* Products */,
			);
			sourceTree = "<group>";
		};
		1605268922C0C48900E8D627 /* Products */ = {
			isa = PBXGroup;
			children = (
				1605268822C0C48900E8D627 /* swoosh-app.app */,
			);
			name = Products;
			sourceTree = "<group>";
		};
		1605268A22C0C48900E8D627 /* swoosh-app */ = {
			isa = PBXGroup;
			children = (
				160526A122C12C4B00E8D627 /* Model */,
				160526A022C12C3300E8D627 /* Controller */,
				1605269D22C0CED400E8D627 /* View */,
				1605268B22C0C48900E8D627 /* AppDelegate.swift */,
				1605268F22C0C48900E8D627 /* Main.storyboard */,
				1605269222C0C48A00E8D627 /* Assets.xcassets */,
				1605269422C0C48A00E8D627 /* LaunchScreen.storyboard */,
				1605269722C0C48A00E8D627 /* Info.plist */,
			);
			path = "swoosh-app";
			sourceTree = "<group>";
		};
		1605269D22C0CED400E8D627 /* View */ = {
			isa = PBXGroup;
			children = (
				1605269E22C0CF1F00E8D627 /* BorderButton.swift */,
			);
			path = View;
			sourceTree = "<group>";
		};
		160526A022C12C3300E8D627 /* Controller */ = {
			isa = PBXGroup;
			children = (
				1605268D22C0C48900E8D627 /* WelcomeVC.swift */,
				160526A222C12CB900E8D627 /* LeagueVC.swift */,
				160526A422C12CCA00E8D627 /* SkillVC.swift */,
			);
			path = Controller;
			sourceTree = "<group>";
		};
		160526A122C12C4B00E8D627 /* Model */ = {
			isa = PBXGroup;
			children = (
			);
			path = Model;
			sourceTree = "<group>";
		};
/* End PBXGroup section */

/* Begin PBXNativeTarget section */
		1605268722C0C48900E8D627 /* swoosh-app */ = {
			isa = PBXNativeTarget;
			buildConfigurationList = 1605269A22C0C48A00E8D627 /* Build configuration list for PBXNativeTarget "swoosh-app" */;
			buildPhases = (
				1605268422C0C48900E8D627 /* Sources */,
				1605268522C0C48900E8D627 /* Frameworks */,
				1605268622C0C48900E8D627 /* Resources */,
			);
			buildRules = (
			);
			dependencies = (
			);
			name = "swoosh-app";
			productName = "swoosh-app";
			productReference = 1605268822C0C48900E8D627 /* swoosh-app.app */;
			productType = "com.apple.product-type.application";
		};
/* End PBXNativeTarget section */

/* Begin PBXProject section */
		1605268022C0C48900E8D627 /* Project object */ = {
			isa = PBXProject;
			attributes = {
				LastSwiftUpdateCheck = 1020;
				LastUpgradeCheck = 1020;
				ORGANIZATIONNAME = "Miguel Teixeira";
				TargetAttributes = {
					1605268722C0C48900E8D627 = {
						CreatedOnToolsVersion = 10.2.1;
					};
				};
			};
			buildConfigurationList = 1605268322C0C48900E8D627 /* Build configuration list for PBXProject "swoosh-app" */;
			compatibilityVersion = "Xcode 9.3";
			developmentRegion = en;
			hasScannedForEncodings = 0;
			knownRegions = (
				en,
				Base,
			);
			mainGroup = 1605267F22C0C48900E8D627;
			productRefGroup = 1605268922C0C48900E8D627 /* Products */;
			projectDirPath = "";
			projectRoot = "";
			targets = (
				1605268722C0C48900E8D627 /* swoosh-app */,
			);
		};
/* End PBXProject section */

/* Begin PBXResourcesBuildPhase section */
		1605268622C0C48900E8D627 /* Resources */ = {
			isa = PBXResourcesBuildPhase;
			buildActionMask = 2147483647;
			files = (
				1605269622C0C48A00E8D627 /* LaunchScreen.storyboard in Resources */,
				1605269322C0C48A00E8D627 /* Assets.xcassets in Resources */,
				1605269122C0C48900E8D627 /* Main.storyboard in Resources */,
			);
			runOnlyForDeploymentPostprocessing = 0;
		};
/* End PBXResourcesBuildPhase section */

/* Begin PBXSourcesBuildPhase section */
		1605268422C0C48900E8D627 /* Sources */ = {
			isa = PBXSourcesBuildPhase;
			buildActionMask = 2147483647;
			files = (
				1605268E22C0C48900E8D627 /* WelcomeVC.swift in Sources */,
				160526A322C12CB900E8D627 /* LeagueVC.swift in Sources */,
				1605268C22C0C48900E8D627 /* AppDelegate.swift in Sources */,
				160526A522C12CCA00E8D627 /* SkillVC.swift in Sources */,
				1605269F22C0CF1F00E8D627 /* BorderButton.swift in Sources */,
			);
			runOnlyForDeploymentPostprocessing = 0;
		};
/* End PBXSourcesBuildPhase section */

/* Begin PBXVariantGroup section */
		1605268F22C0C48900E8D627 /* Main.storyboard */ = {
			isa = PBXVariantGroup;
			children = (
				1605269022C0C48900E8D627 /* Base */,
			);
			name = Main.storyboard;
			sourceTree = "<group>";
		};
		1605269422C0C48A00E8D627 /* LaunchScreen.storyboard */ = {
			isa = PBXVariantGroup;
			children = (
				1605269522C0C48A00E8D627 /* Base */,
			);
			name = LaunchScreen.storyboard;
			sourceTree = "<group>";
		};
/* End PBXVariantGroup section */

/* Begin XCBuildConfiguration section */
		1605269822C0C48A00E8D627 /* Debug */ = {
			isa = XCBuildConfiguration;
			buildSettings = {
				ALWAYS_SEARCH_USER_PATHS = NO;
				CLANG_ANALYZER_NONNULL = YES;
				CLANG_ANALYZER_NUMBER_OBJECT_CONVERSION = YES_AGGRESSIVE;
				CLANG_CXX_LANGUAGE_STANDARD = "gnu++14";
				CLANG_CXX_LIBRARY = "libc++";
				CLANG_ENABLE_MODULES = YES;
				CLANG_ENABLE_OBJC_ARC = YES;
				CLANG_ENABLE_OBJC_WEAK = YES;
				CLANG_WARN_BLOCK_CAPTURE_AUTORELEASING = YES;
				CLANG_WARN_BOOL_CONVERSION = YES;
				CLANG_WARN_COMMA = YES;
				CLANG_WARN_CONSTANT_CONVERSION = YES;
				CLANG_WARN_DEPRECATED_OBJC_IMPLEMENTATIONS = YES;
				CLANG_WARN_DIRECT_OBJC_ISA_USAGE = YES_ERROR;
				CLANG_WARN_DOCUMENTATION_COMMENTS = YES;
				CLANG_WARN_EMPTY_BODY = YES;
				CLANG_WARN_ENUM_CONVERSION = YES;
				CLANG_WARN_INFINITE_RECURSION = YES;
				CLANG_WARN_INT_CONVERSION = YES;
				CLANG_WARN_NON_LITERAL_NULL_CONVERSION = YES;
				CLANG_WARN_OBJC_IMPLICIT_RETAIN_SELF = YES;
				CLANG_WARN_OBJC_LITERAL_CONVERSION = YES;
				CLANG_WARN_OBJC_ROOT_CLASS = YES_ERROR;
				CLANG_WARN_RANGE_LOOP_ANALYSIS = YES;
				CLANG_WARN_STRICT_PROTOTYPES = YES;
				CLANG_WARN_SUSPICIOUS_MOVE = YES;
				CLANG_WARN_UNGUARDED_AVAILABILITY = YES_AGGRESSIVE;
				CLANG_WARN_UNREACHABLE_CODE = YES;
				CLANG_WARN__DUPLICATE_METHOD_MATCH = YES;
				CODE_SIGN_IDENTITY = "iPhone Developer";
				COPY_PHASE_STRIP = NO;
				DEBUG_INFORMATION_FORMAT = dwarf;
				ENABLE_STRICT_OBJC_MSGSEND = YES;
				ENABLE_TESTABILITY = YES;
				GCC_C_LANGUAGE_STANDARD = gnu11;
				GCC_DYNAMIC_NO_PIC = NO;
				GCC_NO_COMMON_BLOCKS = YES;
				GCC_OPTIMIZATION_LEVEL = 0;
				GCC_PREPROCESSOR_DEFINITIONS = (
					"DEBUG=1",
					"$(inherited)",
				);
				GCC_WARN_64_TO_32_BIT_CONVERSION = YES;
				GCC_WARN_ABOUT_RETURN_TYPE = YES_ERROR;
				GCC_WARN_UNDECLARED_SELECTOR = YES;
				GCC_WARN_UNINITIALIZED_AUTOS = YES_AGGRESSIVE;
				GCC_WARN_UNUSED_FUNCTION = YES;
				GCC_WARN_UNUSED_VARIABLE = YES;
				IPHONEOS_DEPLOYMENT_TARGET = 12.2;
				MTL_ENABLE_DEBUG_INFO = INCLUDE_SOURCE;
				MTL_FAST_MATH = YES;
				ONLY_ACTIVE_ARCH = YES;
				SDKROOT = iphoneos;
				SWIFT_ACTIVE_COMPILATION_CONDITIONS = DEBUG;
				SWIFT_OPTIMIZATION_LEVEL = "-Onone";
			};
			name = Debug;
		};
		1605269922C0C48A00E8D627 /* Release */ = {
			isa = XCBuildConfiguration;
			buildSettings = {
				ALWAYS_SEARCH_USER_PATHS = NO;
				CLANG_ANALYZER_NONNULL = YES;
				CLANG_ANALYZER_NUMBER_OBJECT_CONVERSION = YES_AGGRESSIVE;
				CLANG_CXX_LANGUAGE_STANDARD = "gnu++14";
				CLANG_CXX_LIBRARY = "libc++";
				CLANG_ENABLE_MODULES = YES;
				CLANG_ENABLE_OBJC_ARC = YES;
				CLANG_ENABLE_OBJC_WEAK = YES;
				CLANG_WARN_BLOCK_CAPTURE_AUTORELEASING = YES;
				CLANG_WARN_BOOL_CONVERSION = YES;
				CLANG_WARN_COMMA = YES;
				CLANG_WARN_CONSTANT_CONVERSION = YES;
				CLANG_WARN_DEPRECATED_OBJC_IMPLEMENTATIONS = YES;
				CLANG_WARN_DIRECT_OBJC_ISA_USAGE = YES_ERROR;
				CLANG_WARN_DOCUMENTATION_COMMENTS = YES;
				CLANG_WARN_EMPTY_BODY = YES;
				CLANG_WARN_ENUM_CONVERSION = YES;
				CLANG_WARN_INFINITE_RECURSION = YES;
				CLANG_WARN_INT_CONVERSION = YES;
				CLANG_WARN_NON_LITERAL_NULL_CONVERSION = YES;
				CLANG_WARN_OBJC_IMPLICIT_RETAIN_SELF = YES;
				CLANG_WARN_OBJC_LITERAL_CONVERSION = YES;
				CLANG_WARN_OBJC_ROOT_CLASS = YES_ERROR;
				CLANG_WARN_RANGE_LOOP_ANALYSIS = YES;
				CLANG_WARN_STRICT_PROTOTYPES = YES;
				CLANG_WARN_SUSPICIOUS_MOVE = YES;
				CLANG_WARN_UNGUARDED_AVAILABILITY = YES_AGGRESSIVE;
				CLANG_WARN_UNREACHABLE_CODE = YES;
				CLANG_WARN__DUPLICATE_METHOD_MATCH = YES;
				CODE_SIGN_IDENTITY = "iPhone Developer";
				COPY_PHASE_STRIP = NO;
				DEBUG_INFORMATION_FORMAT = "dwarf-with-dsym";
				ENABLE_NS_ASSERTIONS = NO;
				ENABLE_STRICT_OBJC_MSGSEND = YES;
				GCC_C_LANGUAGE_STANDARD = gnu11;
				GCC_NO_COMMON_BLOCKS = YES;
				GCC_WARN_64_TO_32_BIT_CONVERSION = YES;
				GCC_WARN_ABOUT_RETURN_TYPE = YES_ERROR;
				GCC_WARN_UNDECLARED_SELECTOR = YES;
				GCC_WARN_UNINITIALIZED_AUTOS = YES_AGGRESSIVE;
				GCC_WARN_UNUSED_FUNCTION = YES;
				GCC_WARN_UNUSED_VARIABLE = YES;
				IPHONEOS_DEPLOYMENT_TARGET = 12.2;
				MTL_ENABLE_DEBUG_INFO = NO;
				MTL_FAST_MATH = YES;
				SDKROOT = iphoneos;
				SWIFT_COMPILATION_MODE = wholemodule;
				SWIFT_OPTIMIZATION_LEVEL = "-O";
				VALIDATE_PRODUCT = YES;
			};
			name = Release;
		};
		1605269B22C0C48A00E8D627 /* Debug */ = {
			isa = XCBuildConfiguration;
			buildSettings = {
				ASSETCATALOG_COMPILER_APPICON_NAME = AppIcon;
				CODE_SIGN_STYLE = Automatic;
				DEVELOPMENT_TEAM = U5QL3W6RAW;
				INFOPLIST_FILE = "swoosh-app/Info.plist";
				LD_RUNPATH_SEARCH_PATHS = (
					"$(inherited)",
					"@executable_path/Frameworks",
				);
				PRODUCT_BUNDLE_IDENTIFIER = "Miguel-Teixeira.swoosh-app";
				PRODUCT_NAME = "$(TARGET_NAME)";
				SWIFT_VERSION = 5.0;
				TARGETED_DEVICE_FAMILY = "1,2";
			};
			name = Debug;
		};
		1605269C22C0C48A00E8D627 /* Release */ = {
			isa = XCBuildConfiguration;
			buildSettings = {
				ASSETCATALOG_COMPILER_APPICON_NAME = AppIcon;
				CODE_SIGN_STYLE = Automatic;
				DEVELOPMENT_TEAM = U5QL3W6RAW;
				INFOPLIST_FILE = "swoosh-app/Info.plist";
				LD_RUNPATH_SEARCH_PATHS = (
					"$(inherited)",
					"@executable_path/Frameworks",
				);
				PRODUCT_BUNDLE_IDENTIFIER = "Miguel-Teixeira.swoosh-app";
				PRODUCT_NAME = "$(TARGET_NAME)";
				SWIFT_VERSION = 5.0;
				TARGETED_DEVICE_FAMILY = "1,2";
			};
			name = Release;
		};
/* End XCBuildConfiguration section */

/* Begin XCConfigurationList section */
		1605268322C0C48900E8D627 /* Build configuration list for PBXProject "swoosh-app" */ = {
			isa = XCConfigurationList;
			buildConfigurations = (
				1605269822C0C48A00E8D627 /* Debug */,
				1605269922C0C48A00E8D627 /* Release */,
			);
			defaultConfigurationIsVisible = 0;
			defaultConfigurationName = Release;
		};
		1605269A22C0C48A00E8D627 /* Build configuration list for PBXNativeTarget "swoosh-app" */ = {
			isa = XCConfigurationList;
			buildConfigurations = (
				1605269B22C0C48A00E8D627 /* Debug */,
				1605269C22C0C48A00E8D627 /* Release */,
			);
			defaultConfigurationIsVisible = 0;
			defaultConfigurationName = Release;
		};
/* End XCConfigurationList section */
	};
	rootObject = 1605268022C0C48900E8D627 /* Project object */;
}
